
Microsoft Visual Studio Solution File, Format Version 12.00
# Visual Studio 15
VisualStudioVersion = 15.0.26430.6
MinimumVisualStudioVersion = 10.0.40219.1
Project("{FAE04EC0-301F-11D3-BF4B-00C04F79EFBC}") = "Jasily.PCL259", "Jasily.PCL259\Jasily.PCL259.csproj", "{D825D5A8-00F4-4D48-85E1-58B66F3958D9}"
EndProject
Project("{FAE04EC0-301F-11D3-BF4B-00C04F79EFBC}") = "Jasily.Extensions.System.PCL259", "Jasily.Extensions.System.PCL259\Jasily.Extensions.System.PCL259.csproj", "{55ABA9DD-DC88-4417-9D00-B99DD18CD71D}"
EndProject
Project("{FAE04EC0-301F-11D3-BF4B-00C04F79EFBC}") = "VSUnitTest.Desktop", "VSUnitTest.Desktop\VSUnitTest.Desktop.csproj", "{13267EC7-D849-4D68-A3C9-1E594D219CA2}"
EndProject
Project("{FAE04EC0-301F-11D3-BF4B-00C04F79EFBC}") = "Jasily.UWP", "Jasily.UWP\Jasily.UWP.csproj", "{5AFA1C89-2A10-42EE-AC6D-64754A6BAF63}"
EndProject
Project("{FAE04EC0-301F-11D3-BF4B-00C04F79EFBC}") = "Jasily.Desktop", "Jasily.Desktop\Jasily.Desktop.csproj", "{0A825A8A-522A-4A51-8301-FD903BB07968}"
EndProject
Project("{FAE04EC0-301F-11D3-BF4B-00C04F79EFBC}") = "Jasily.Extensions.System.Desktop", "Jasily.Extensions.System.Desktop\Jasily.Extensions.System.Desktop.csproj", "{33A2C8DD-BFBB-44D5-AB5D-8EEC10DD2947}"
EndProject
Project("{FAE04EC0-301F-11D3-BF4B-00C04F79EFBC}") = "Jasily.Extensions.System.UWP", "Jasily.Extensions.System.UWP\Jasily.Extensions.System.UWP.csproj", "{9FC18249-8402-4BA7-AAC4-940E35277D07}"
EndProject
Project("{FAE04EC0-301F-11D3-BF4B-00C04F79EFBC}") = "Jasily.Extensions.Windows.UWP", "Jasily.Extensions.Windows.UWP\Jasily.Extensions.Windows.UWP.csproj", "{19F6CEAB-5B00-4402-BDD8-15C6CEB30B5F}"
EndProject
Project("{FAE04EC0-301F-11D3-BF4B-00C04F79EFBC}") = "Jasily.Core.PCL259", "Jasily.Core.PCL259\Jasily.Core.PCL259.csproj", "{4FE68AB9-C412-4F5F-A5A8-5F55F932492F}"
EndProject
Project("{FAE04EC0-301F-11D3-BF4B-00C04F79EFBC}") = "Jasily.DependencyInjection.MethodInvoker.PCL7", "Jasily.DependencyInjection.MethodInvoker.PCL7\Jasily.DependencyInjection.MethodInvoker.PCL7.csproj", "{0E11699A-3C58-4DED-93EF-18DB8F716E9B}"
EndProject
Project("{FAE04EC0-301F-11D3-BF4B-00C04F79EFBC}") = "Jasily.Extensions.System.Standard", "Jasily.Extensions.System.Standard\Jasily.Extensions.System.Standard.csproj", "{432B6D1C-64AE-4F6E-A277-F0AF08E05A7C}"
EndProject
Project("{FAE04EC0-301F-11D3-BF4B-00C04F79EFBC}") = "Jasily.Wpf", "Jasily.Wpf\Jasily.Wpf.csproj", "{DD40FBC7-795B-43AE-8BBD-949CC0912F90}"
EndProject
Project("{FAE04EC0-301F-11D3-BF4B-00C04F79EFBC}") = "Jasily.Win32", "Jasily.Win32\Jasily.Win32.csproj", "{284529BB-301C-4A3A-902E-E32A0EBFC99D}"
EndProject
Project("{FAE04EC0-301F-11D3-BF4B-00C04F79EFBC}") = "Jasily.DependencyInjection.MethodInvoker.Standard", "Jasily.DependencyInjection.MethodInvoker.Standard\Jasily.DependencyInjection.MethodInvoker.Standard.csproj", "{2E0C2313-455F-442A-9270-AEE9A826EE92}"
EndProject
Project("{FAE04EC0-301F-11D3-BF4B-00C04F79EFBC}") = "Jasily.DependencyInjection.MemberInjection.Standard", "Jasily.DependencyInjection.MemberInjection.Standard\Jasily.DependencyInjection.MemberInjection.Standard.csproj", "{1DB55BE3-2717-444E-8E92-1817101EDB65}"
EndProject
Project("{FAE04EC0-301F-11D3-BF4B-00C04F79EFBC}") = "Jasily.DependencyInjection.AwaiterAdapter.Standard", "Jasily.DependencyInjection.AwaiterAdapter.Standard\Jasily.DependencyInjection.AwaiterAdapter.Standard.csproj", "{B1106F26-CBCB-413F-9262-77028C33EB7E}"
EndProject
Project("{FAE04EC0-301F-11D3-BF4B-00C04F79EFBC}") = "NugetPackageTest", "NugetPackageTest\NugetPackageTest.csproj", "{87494604-91BD-4BE3-9B78-3FAF3B9CB9B3}"
EndProject
Project("{FAE04EC0-301F-11D3-BF4B-00C04F79EFBC}") = "Jasily.DependencyInjection.ComplexGenerics", "Jasily.DependencyInjection.ComplexGenerics\Jasily.DependencyInjection.ComplexGenerics.csproj", "{BBC6F94D-929B-4D8D-B29B-AE5FDFA33363}"
EndProject
Project("{FAE04EC0-301F-11D3-BF4B-00C04F79EFBC}") = "Jasily.DependencyInjection.Typed.Standard", "Jasily.DependencyInjection.Typed.Standard\Jasily.DependencyInjection.Typed.Standard.csproj", "{5A119A36-3DDD-4D39-9958-F600A1BFB058}"
EndProject
Global
	GlobalSection(SolutionConfigurationPlatforms) = preSolution
		Debug|Any CPU = Debug|Any CPU
		Debug|ARM = Debug|ARM
		Debug|x64 = Debug|x64
		Debug|x86 = Debug|x86
		Release|Any CPU = Release|Any CPU
		Release|ARM = Release|ARM
		Release|x64 = Release|x64
		Release|x86 = Release|x86
	EndGlobalSection
	GlobalSection(ProjectConfigurationPlatforms) = postSolution
		{D825D5A8-00F4-4D48-85E1-58B66F3958D9}.Debug|Any CPU.ActiveCfg = Debug|Any CPU
		{D825D5A8-00F4-4D48-85E1-58B66F3958D9}.Debug|Any CPU.Build.0 = Debug|Any CPU
		{D825D5A8-00F4-4D48-85E1-58B66F3958D9}.Debug|ARM.ActiveCfg = Debug|Any CPU
		{D825D5A8-00F4-4D48-85E1-58B66F3958D9}.Debug|ARM.Build.0 = Debug|Any CPU
		{D825D5A8-00F4-4D48-85E1-58B66F3958D9}.Debug|x64.ActiveCfg = Debug|Any CPU
		{D825D5A8-00F4-4D48-85E1-58B66F3958D9}.Debug|x64.Build.0 = Debug|Any CPU
		{D825D5A8-00F4-4D48-85E1-58B66F3958D9}.Debug|x86.ActiveCfg = Debug|Any CPU
		{D825D5A8-00F4-4D48-85E1-58B66F3958D9}.Debug|x86.Build.0 = Debug|Any CPU
		{D825D5A8-00F4-4D48-85E1-58B66F3958D9}.Release|Any CPU.ActiveCfg = Release|Any CPU
		{D825D5A8-00F4-4D48-85E1-58B66F3958D9}.Release|Any CPU.Build.0 = Release|Any CPU
		{D825D5A8-00F4-4D48-85E1-58B66F3958D9}.Release|ARM.ActiveCfg = Release|Any CPU
		{D825D5A8-00F4-4D48-85E1-58B66F3958D9}.Release|ARM.Build.0 = Release|Any CPU
		{D825D5A8-00F4-4D48-85E1-58B66F3958D9}.Release|x64.ActiveCfg = Release|Any CPU
		{D825D5A8-00F4-4D48-85E1-58B66F3958D9}.Release|x64.Build.0 = Release|Any CPU
		{D825D5A8-00F4-4D48-85E1-58B66F3958D9}.Release|x86.ActiveCfg = Release|Any CPU
		{D825D5A8-00F4-4D48-85E1-58B66F3958D9}.Release|x86.Build.0 = Release|Any CPU
		{55ABA9DD-DC88-4417-9D00-B99DD18CD71D}.Debug|Any CPU.ActiveCfg = Debug|Any CPU
		{55ABA9DD-DC88-4417-9D00-B99DD18CD71D}.Debug|Any CPU.Build.0 = Debug|Any CPU
		{55ABA9DD-DC88-4417-9D00-B99DD18CD71D}.Debug|ARM.ActiveCfg = Debug|Any CPU
		{55ABA9DD-DC88-4417-9D00-B99DD18CD71D}.Debug|ARM.Build.0 = Debug|Any CPU
		{55ABA9DD-DC88-4417-9D00-B99DD18CD71D}.Debug|x64.ActiveCfg = Debug|Any CPU
		{55ABA9DD-DC88-4417-9D00-B99DD18CD71D}.Debug|x64.Build.0 = Debug|Any CPU
		{55ABA9DD-DC88-4417-9D00-B99DD18CD71D}.Debug|x86.ActiveCfg = Debug|Any CPU
		{55ABA9DD-DC88-4417-9D00-B99DD18CD71D}.Debug|x86.Build.0 = Debug|Any CPU
		{55ABA9DD-DC88-4417-9D00-B99DD18CD71D}.Release|Any CPU.ActiveCfg = Release|Any CPU
		{55ABA9DD-DC88-4417-9D00-B99DD18CD71D}.Release|Any CPU.Build.0 = Release|Any CPU
		{55ABA9DD-DC88-4417-9D00-B99DD18CD71D}.Release|ARM.ActiveCfg = Release|Any CPU
		{55ABA9DD-DC88-4417-9D00-B99DD18CD71D}.Release|ARM.Build.0 = Release|Any CPU
		{55ABA9DD-DC88-4417-9D00-B99DD18CD71D}.Release|x64.ActiveCfg = Release|Any CPU
		{55ABA9DD-DC88-4417-9D00-B99DD18CD71D}.Release|x64.Build.0 = Release|Any CPU
		{55ABA9DD-DC88-4417-9D00-B99DD18CD71D}.Release|x86.ActiveCfg = Release|Any CPU
		{55ABA9DD-DC88-4417-9D00-B99DD18CD71D}.Release|x86.Build.0 = Release|Any CPU
		{13267EC7-D849-4D68-A3C9-1E594D219CA2}.Debug|Any CPU.ActiveCfg = Debug|Any CPU
		{13267EC7-D849-4D68-A3C9-1E594D219CA2}.Debug|Any CPU.Build.0 = Debug|Any CPU
		{13267EC7-D849-4D68-A3C9-1E594D219CA2}.Debug|ARM.ActiveCfg = Debug|Any CPU
		{13267EC7-D849-4D68-A3C9-1E594D219CA2}.Debug|ARM.Build.0 = Debug|Any CPU
		{13267EC7-D849-4D68-A3C9-1E594D219CA2}.Debug|x64.ActiveCfg = Debug|Any CPU
		{13267EC7-D849-4D68-A3C9-1E594D219CA2}.Debug|x64.Build.0 = Debug|Any CPU
		{13267EC7-D849-4D68-A3C9-1E594D219CA2}.Debug|x86.ActiveCfg = Debug|Any CPU
		{13267EC7-D849-4D68-A3C9-1E594D219CA2}.Debug|x86.Build.0 = Debug|Any CPU
		{13267EC7-D849-4D68-A3C9-1E594D219CA2}.Release|Any CPU.ActiveCfg = Release|Any CPU
		{13267EC7-D849-4D68-A3C9-1E594D219CA2}.Release|Any CPU.Build.0 = Release|Any CPU
		{13267EC7-D849-4D68-A3C9-1E594D219CA2}.Release|ARM.ActiveCfg = Release|Any CPU
		{13267EC7-D849-4D68-A3C9-1E594D219CA2}.Release|ARM.Build.0 = Release|Any CPU
		{13267EC7-D849-4D68-A3C9-1E594D219CA2}.Release|x64.ActiveCfg = Release|Any CPU
		{13267EC7-D849-4D68-A3C9-1E594D219CA2}.Release|x64.Build.0 = Release|Any CPU
		{13267EC7-D849-4D68-A3C9-1E594D219CA2}.Release|x86.ActiveCfg = Release|Any CPU
		{13267EC7-D849-4D68-A3C9-1E594D219CA2}.Release|x86.Build.0 = Release|Any CPU
		{5AFA1C89-2A10-42EE-AC6D-64754A6BAF63}.Debug|Any CPU.ActiveCfg = Debug|Any CPU
		{5AFA1C89-2A10-42EE-AC6D-64754A6BAF63}.Debug|Any CPU.Build.0 = Debug|Any CPU
		{5AFA1C89-2A10-42EE-AC6D-64754A6BAF63}.Debug|ARM.ActiveCfg = Debug|ARM
		{5AFA1C89-2A10-42EE-AC6D-64754A6BAF63}.Debug|ARM.Build.0 = Debug|ARM
		{5AFA1C89-2A10-42EE-AC6D-64754A6BAF63}.Debug|x64.ActiveCfg = Debug|x64
		{5AFA1C89-2A10-42EE-AC6D-64754A6BAF63}.Debug|x64.Build.0 = Debug|x64
		{5AFA1C89-2A10-42EE-AC6D-64754A6BAF63}.Debug|x86.ActiveCfg = Debug|x86
		{5AFA1C89-2A10-42EE-AC6D-64754A6BAF63}.Debug|x86.Build.0 = Debug|x86
		{5AFA1C89-2A10-42EE-AC6D-64754A6BAF63}.Release|Any CPU.ActiveCfg = Release|Any CPU
		{5AFA1C89-2A10-42EE-AC6D-64754A6BAF63}.Release|Any CPU.Build.0 = Release|Any CPU
		{5AFA1C89-2A10-42EE-AC6D-64754A6BAF63}.Release|ARM.ActiveCfg = Release|ARM
		{5AFA1C89-2A10-42EE-AC6D-64754A6BAF63}.Release|ARM.Build.0 = Release|ARM
		{5AFA1C89-2A10-42EE-AC6D-64754A6BAF63}.Release|x64.ActiveCfg = Release|x64
		{5AFA1C89-2A10-42EE-AC6D-64754A6BAF63}.Release|x64.Build.0 = Release|x64
		{5AFA1C89-2A10-42EE-AC6D-64754A6BAF63}.Release|x86.ActiveCfg = Release|x86
		{5AFA1C89-2A10-42EE-AC6D-64754A6BAF63}.Release|x86.Build.0 = Release|x86
		{0A825A8A-522A-4A51-8301-FD903BB07968}.Debug|Any CPU.ActiveCfg = Debug|Any CPU
		{0A825A8A-522A-4A51-8301-FD903BB07968}.Debug|Any CPU.Build.0 = Debug|Any CPU
		{0A825A8A-522A-4A51-8301-FD903BB07968}.Debug|ARM.ActiveCfg = Debug|Any CPU
		{0A825A8A-522A-4A51-8301-FD903BB07968}.Debug|ARM.Build.0 = Debug|Any CPU
		{0A825A8A-522A-4A51-8301-FD903BB07968}.Debug|x64.ActiveCfg = Debug|Any CPU
		{0A825A8A-522A-4A51-8301-FD903BB07968}.Debug|x64.Build.0 = Debug|Any CPU
		{0A825A8A-522A-4A51-8301-FD903BB07968}.Debug|x86.ActiveCfg = Debug|Any CPU
		{0A825A8A-522A-4A51-8301-FD903BB07968}.Debug|x86.Build.0 = Debug|Any CPU
		{0A825A8A-522A-4A51-8301-FD903BB07968}.Release|Any CPU.ActiveCfg = Release|Any CPU
		{0A825A8A-522A-4A51-8301-FD903BB07968}.Release|Any CPU.Build.0 = Release|Any CPU
		{0A825A8A-522A-4A51-8301-FD903BB07968}.Release|ARM.ActiveCfg = Release|Any CPU
		{0A825A8A-522A-4A51-8301-FD903BB07968}.Release|ARM.Build.0 = Release|Any CPU
		{0A825A8A-522A-4A51-8301-FD903BB07968}.Release|x64.ActiveCfg = Release|Any CPU
		{0A825A8A-522A-4A51-8301-FD903BB07968}.Release|x64.Build.0 = Release|Any CPU
		{0A825A8A-522A-4A51-8301-FD903BB07968}.Release|x86.ActiveCfg = Release|Any CPU
		{0A825A8A-522A-4A51-8301-FD903BB07968}.Release|x86.Build.0 = Release|Any CPU
		{33A2C8DD-BFBB-44D5-AB5D-8EEC10DD2947}.Debug|Any CPU.ActiveCfg = Debug|Any CPU
		{33A2C8DD-BFBB-44D5-AB5D-8EEC10DD2947}.Debug|Any CPU.Build.0 = Debug|Any CPU
		{33A2C8DD-BFBB-44D5-AB5D-8EEC10DD2947}.Debug|ARM.ActiveCfg = Debug|Any CPU
		{33A2C8DD-BFBB-44D5-AB5D-8EEC10DD2947}.Debug|ARM.Build.0 = Debug|Any CPU
		{33A2C8DD-BFBB-44D5-AB5D-8EEC10DD2947}.Debug|x64.ActiveCfg = Debug|Any CPU
		{33A2C8DD-BFBB-44D5-AB5D-8EEC10DD2947}.Debug|x64.Build.0 = Debug|Any CPU
		{33A2C8DD-BFBB-44D5-AB5D-8EEC10DD2947}.Debug|x86.ActiveCfg = Debug|Any CPU
		{33A2C8DD-BFBB-44D5-AB5D-8EEC10DD2947}.Debug|x86.Build.0 = Debug|Any CPU
		{33A2C8DD-BFBB-44D5-AB5D-8EEC10DD2947}.Release|Any CPU.ActiveCfg = Release|Any CPU
		{33A2C8DD-BFBB-44D5-AB5D-8EEC10DD2947}.Release|Any CPU.Build.0 = Release|Any CPU
		{33A2C8DD-BFBB-44D5-AB5D-8EEC10DD2947}.Release|ARM.ActiveCfg = Release|Any CPU
		{33A2C8DD-BFBB-44D5-AB5D-8EEC10DD2947}.Release|ARM.Build.0 = Release|Any CPU
		{33A2C8DD-BFBB-44D5-AB5D-8EEC10DD2947}.Release|x64.ActiveCfg = Release|Any CPU
		{33A2C8DD-BFBB-44D5-AB5D-8EEC10DD2947}.Release|x64.Build.0 = Release|Any CPU
		{33A2C8DD-BFBB-44D5-AB5D-8EEC10DD2947}.Release|x86.ActiveCfg = Release|Any CPU
		{33A2C8DD-BFBB-44D5-AB5D-8EEC10DD2947}.Release|x86.Build.0 = Release|Any CPU
		{9FC18249-8402-4BA7-AAC4-940E35277D07}.Debug|Any CPU.ActiveCfg = Debug|Any CPU
		{9FC18249-8402-4BA7-AAC4-940E35277D07}.Debug|Any CPU.Build.0 = Debug|Any CPU
		{9FC18249-8402-4BA7-AAC4-940E35277D07}.Debug|ARM.ActiveCfg = Debug|ARM
		{9FC18249-8402-4BA7-AAC4-940E35277D07}.Debug|ARM.Build.0 = Debug|ARM
		{9FC18249-8402-4BA7-AAC4-940E35277D07}.Debug|x64.ActiveCfg = Debug|x64
		{9FC18249-8402-4BA7-AAC4-940E35277D07}.Debug|x64.Build.0 = Debug|x64
		{9FC18249-8402-4BA7-AAC4-940E35277D07}.Debug|x86.ActiveCfg = Debug|x86
		{9FC18249-8402-4BA7-AAC4-940E35277D07}.Debug|x86.Build.0 = Debug|x86
		{9FC18249-8402-4BA7-AAC4-940E35277D07}.Release|Any CPU.ActiveCfg = Release|Any CPU
		{9FC18249-8402-4BA7-AAC4-940E35277D07}.Release|Any CPU.Build.0 = Release|Any CPU
		{9FC18249-8402-4BA7-AAC4-940E35277D07}.Release|ARM.ActiveCfg = Release|ARM
		{9FC18249-8402-4BA7-AAC4-940E35277D07}.Release|ARM.Build.0 = Release|ARM
		{9FC18249-8402-4BA7-AAC4-940E35277D07}.Release|x64.ActiveCfg = Release|x64
		{9FC18249-8402-4BA7-AAC4-940E35277D07}.Release|x64.Build.0 = Release|x64
		{9FC18249-8402-4BA7-AAC4-940E35277D07}.Release|x86.ActiveCfg = Release|x86
		{9FC18249-8402-4BA7-AAC4-940E35277D07}.Release|x86.Build.0 = Release|x86
		{19F6CEAB-5B00-4402-BDD8-15C6CEB30B5F}.Debug|Any CPU.ActiveCfg = Debug|Any CPU
		{19F6CEAB-5B00-4402-BDD8-15C6CEB30B5F}.Debug|Any CPU.Build.0 = Debug|Any CPU
		{19F6CEAB-5B00-4402-BDD8-15C6CEB30B5F}.Debug|ARM.ActiveCfg = Debug|ARM
		{19F6CEAB-5B00-4402-BDD8-15C6CEB30B5F}.Debug|ARM.Build.0 = Debug|ARM
		{19F6CEAB-5B00-4402-BDD8-15C6CEB30B5F}.Debug|x64.ActiveCfg = Debug|x64
		{19F6CEAB-5B00-4402-BDD8-15C6CEB30B5F}.Debug|x64.Build.0 = Debug|x64
		{19F6CEAB-5B00-4402-BDD8-15C6CEB30B5F}.Debug|x86.ActiveCfg = Debug|x86
		{19F6CEAB-5B00-4402-BDD8-15C6CEB30B5F}.Debug|x86.Build.0 = Debug|x86
		{19F6CEAB-5B00-4402-BDD8-15C6CEB30B5F}.Release|Any CPU.ActiveCfg = Release|Any CPU
		{19F6CEAB-5B00-4402-BDD8-15C6CEB30B5F}.Release|Any CPU.Build.0 = Release|Any CPU
		{19F6CEAB-5B00-4402-BDD8-15C6CEB30B5F}.Release|ARM.ActiveCfg = Release|ARM
		{19F6CEAB-5B00-4402-BDD8-15C6CEB30B5F}.Release|ARM.Build.0 = Release|ARM
		{19F6CEAB-5B00-4402-BDD8-15C6CEB30B5F}.Release|x64.ActiveCfg = Release|x64
		{19F6CEAB-5B00-4402-BDD8-15C6CEB30B5F}.Release|x64.Build.0 = Release|x64
		{19F6CEAB-5B00-4402-BDD8-15C6CEB30B5F}.Release|x86.ActiveCfg = Release|x86
		{19F6CEAB-5B00-4402-BDD8-15C6CEB30B5F}.Release|x86.Build.0 = Release|x86
		{4FE68AB9-C412-4F5F-A5A8-5F55F932492F}.Debug|Any CPU.ActiveCfg = Debug|Any CPU
		{4FE68AB9-C412-4F5F-A5A8-5F55F932492F}.Debug|Any CPU.Build.0 = Debug|Any CPU
		{4FE68AB9-C412-4F5F-A5A8-5F55F932492F}.Debug|ARM.ActiveCfg = Debug|Any CPU
		{4FE68AB9-C412-4F5F-A5A8-5F55F932492F}.Debug|ARM.Build.0 = Debug|Any CPU
		{4FE68AB9-C412-4F5F-A5A8-5F55F932492F}.Debug|x64.ActiveCfg = Debug|Any CPU
		{4FE68AB9-C412-4F5F-A5A8-5F55F932492F}.Debug|x64.Build.0 = Debug|Any CPU
		{4FE68AB9-C412-4F5F-A5A8-5F55F932492F}.Debug|x86.ActiveCfg = Debug|Any CPU
		{4FE68AB9-C412-4F5F-A5A8-5F55F932492F}.Debug|x86.Build.0 = Debug|Any CPU
		{4FE68AB9-C412-4F5F-A5A8-5F55F932492F}.Release|Any CPU.ActiveCfg = Release|Any CPU
		{4FE68AB9-C412-4F5F-A5A8-5F55F932492F}.Release|Any CPU.Build.0 = Release|Any CPU
		{4FE68AB9-C412-4F5F-A5A8-5F55F932492F}.Release|ARM.ActiveCfg = Release|Any CPU
		{4FE68AB9-C412-4F5F-A5A8-5F55F932492F}.Release|ARM.Build.0 = Release|Any CPU
		{4FE68AB9-C412-4F5F-A5A8-5F55F932492F}.Release|x64.ActiveCfg = Release|Any CPU
		{4FE68AB9-C412-4F5F-A5A8-5F55F932492F}.Release|x64.Build.0 = Release|Any CPU
		{4FE68AB9-C412-4F5F-A5A8-5F55F932492F}.Release|x86.ActiveCfg = Release|Any CPU
		{4FE68AB9-C412-4F5F-A5A8-5F55F932492F}.Release|x86.Build.0 = Release|Any CPU
		{0E11699A-3C58-4DED-93EF-18DB8F716E9B}.Debug|Any CPU.ActiveCfg = Debug|Any CPU
		{0E11699A-3C58-4DED-93EF-18DB8F716E9B}.Debug|Any CPU.Build.0 = Debug|Any CPU
		{0E11699A-3C58-4DED-93EF-18DB8F716E9B}.Debug|ARM.ActiveCfg = Debug|Any CPU
		{0E11699A-3C58-4DED-93EF-18DB8F716E9B}.Debug|ARM.Build.0 = Debug|Any CPU
		{0E11699A-3C58-4DED-93EF-18DB8F716E9B}.Debug|x64.ActiveCfg = Debug|Any CPU
		{0E11699A-3C58-4DED-93EF-18DB8F716E9B}.Debug|x64.Build.0 = Debug|Any CPU
		{0E11699A-3C58-4DED-93EF-18DB8F716E9B}.Debug|x86.ActiveCfg = Debug|Any CPU
		{0E11699A-3C58-4DED-93EF-18DB8F716E9B}.Debug|x86.Build.0 = Debug|Any CPU
		{0E11699A-3C58-4DED-93EF-18DB8F716E9B}.Release|Any CPU.ActiveCfg = Release|Any CPU
		{0E11699A-3C58-4DED-93EF-18DB8F716E9B}.Release|Any CPU.Build.0 = Release|Any CPU
		{0E11699A-3C58-4DED-93EF-18DB8F716E9B}.Release|ARM.ActiveCfg = Release|Any CPU
		{0E11699A-3C58-4DED-93EF-18DB8F716E9B}.Release|ARM.Build.0 = Release|Any CPU
		{0E11699A-3C58-4DED-93EF-18DB8F716E9B}.Release|x64.ActiveCfg = Release|Any CPU
		{0E11699A-3C58-4DED-93EF-18DB8F716E9B}.Release|x64.Build.0 = Release|Any CPU
		{0E11699A-3C58-4DED-93EF-18DB8F716E9B}.Release|x86.ActiveCfg = Release|Any CPU
		{0E11699A-3C58-4DED-93EF-18DB8F716E9B}.Release|x86.Build.0 = Release|Any CPU
		{432B6D1C-64AE-4F6E-A277-F0AF08E05A7C}.Debug|Any CPU.ActiveCfg = Debug|Any CPU
		{432B6D1C-64AE-4F6E-A277-F0AF08E05A7C}.Debug|Any CPU.Build.0 = Debug|Any CPU
		{432B6D1C-64AE-4F6E-A277-F0AF08E05A7C}.Debug|ARM.ActiveCfg = Debug|Any CPU
		{432B6D1C-64AE-4F6E-A277-F0AF08E05A7C}.Debug|ARM.Build.0 = Debug|Any CPU
		{432B6D1C-64AE-4F6E-A277-F0AF08E05A7C}.Debug|x64.ActiveCfg = Debug|Any CPU
		{432B6D1C-64AE-4F6E-A277-F0AF08E05A7C}.Debug|x64.Build.0 = Debug|Any CPU
		{432B6D1C-64AE-4F6E-A277-F0AF08E05A7C}.Debug|x86.ActiveCfg = Debug|Any CPU
		{432B6D1C-64AE-4F6E-A277-F0AF08E05A7C}.Debug|x86.Build.0 = Debug|Any CPU
		{432B6D1C-64AE-4F6E-A277-F0AF08E05A7C}.Release|Any CPU.ActiveCfg = Release|Any CPU
		{432B6D1C-64AE-4F6E-A277-F0AF08E05A7C}.Release|Any CPU.Build.0 = Release|Any CPU
		{432B6D1C-64AE-4F6E-A277-F0AF08E05A7C}.Release|ARM.ActiveCfg = Release|Any CPU
		{432B6D1C-64AE-4F6E-A277-F0AF08E05A7C}.Release|ARM.Build.0 = Release|Any CPU
		{432B6D1C-64AE-4F6E-A277-F0AF08E05A7C}.Release|x64.ActiveCfg = Release|Any CPU
		{432B6D1C-64AE-4F6E-A277-F0AF08E05A7C}.Release|x64.Build.0 = Release|Any CPU
		{432B6D1C-64AE-4F6E-A277-F0AF08E05A7C}.Release|x86.ActiveCfg = Release|Any CPU
		{432B6D1C-64AE-4F6E-A277-F0AF08E05A7C}.Release|x86.Build.0 = Release|Any CPU
		{DD40FBC7-795B-43AE-8BBD-949CC0912F90}.Debug|Any CPU.ActiveCfg = Debug|Any CPU
		{DD40FBC7-795B-43AE-8BBD-949CC0912F90}.Debug|Any CPU.Build.0 = Debug|Any CPU
		{DD40FBC7-795B-43AE-8BBD-949CC0912F90}.Debug|ARM.ActiveCfg = Debug|Any CPU
		{DD40FBC7-795B-43AE-8BBD-949CC0912F90}.Debug|ARM.Build.0 = Debug|Any CPU
		{DD40FBC7-795B-43AE-8BBD-949CC0912F90}.Debug|x64.ActiveCfg = Debug|Any CPU
		{DD40FBC7-795B-43AE-8BBD-949CC0912F90}.Debug|x64.Build.0 = Debug|Any CPU
		{DD40FBC7-795B-43AE-8BBD-949CC0912F90}.Debug|x86.ActiveCfg = Debug|Any CPU
		{DD40FBC7-795B-43AE-8BBD-949CC0912F90}.Debug|x86.Build.0 = Debug|Any CPU
		{DD40FBC7-795B-43AE-8BBD-949CC0912F90}.Release|Any CPU.ActiveCfg = Release|Any CPU
		{DD40FBC7-795B-43AE-8BBD-949CC0912F90}.Release|Any CPU.Build.0 = Release|Any CPU
		{DD40FBC7-795B-43AE-8BBD-949CC0912F90}.Release|ARM.ActiveCfg = Release|Any CPU
		{DD40FBC7-795B-43AE-8BBD-949CC0912F90}.Release|ARM.Build.0 = Release|Any CPU
		{DD40FBC7-795B-43AE-8BBD-949CC0912F90}.Release|x64.ActiveCfg = Release|Any CPU
		{DD40FBC7-795B-43AE-8BBD-949CC0912F90}.Release|x64.Build.0 = Release|Any CPU
		{DD40FBC7-795B-43AE-8BBD-949CC0912F90}.Release|x86.ActiveCfg = Release|Any CPU
		{DD40FBC7-795B-43AE-8BBD-949CC0912F90}.Release|x86.Build.0 = Release|Any CPU
		{284529BB-301C-4A3A-902E-E32A0EBFC99D}.Debug|Any CPU.ActiveCfg = Debug|Any CPU
		{284529BB-301C-4A3A-902E-E32A0EBFC99D}.Debug|Any CPU.Build.0 = Debug|Any CPU
		{284529BB-301C-4A3A-902E-E32A0EBFC99D}.Debug|ARM.ActiveCfg = Debug|Any CPU
		{284529BB-301C-4A3A-902E-E32A0EBFC99D}.Debug|ARM.Build.0 = Debug|Any CPU
		{284529BB-301C-4A3A-902E-E32A0EBFC99D}.Debug|x64.ActiveCfg = Debug|Any CPU
		{284529BB-301C-4A3A-902E-E32A0EBFC99D}.Debug|x64.Build.0 = Debug|Any CPU
		{284529BB-301C-4A3A-902E-E32A0EBFC99D}.Debug|x86.ActiveCfg = Debug|Any CPU
		{284529BB-301C-4A3A-902E-E32A0EBFC99D}.Debug|x86.Build.0 = Debug|Any CPU
		{284529BB-301C-4A3A-902E-E32A0EBFC99D}.Release|Any CPU.ActiveCfg = Release|Any CPU
		{284529BB-301C-4A3A-902E-E32A0EBFC99D}.Release|Any CPU.Build.0 = Release|Any CPU
		{284529BB-301C-4A3A-902E-E32A0EBFC99D}.Release|ARM.ActiveCfg = Release|Any CPU
		{284529BB-301C-4A3A-902E-E32A0EBFC99D}.Release|ARM.Build.0 = Release|Any CPU
		{284529BB-301C-4A3A-902E-E32A0EBFC99D}.Release|x64.ActiveCfg = Release|Any CPU
		{284529BB-301C-4A3A-902E-E32A0EBFC99D}.Release|x64.Build.0 = Release|Any CPU
		{284529BB-301C-4A3A-902E-E32A0EBFC99D}.Release|x86.ActiveCfg = Release|Any CPU
		{284529BB-301C-4A3A-902E-E32A0EBFC99D}.Release|x86.Build.0 = Release|Any CPU
		{2E0C2313-455F-442A-9270-AEE9A826EE92}.Debug|Any CPU.ActiveCfg = Debug|Any CPU
		{2E0C2313-455F-442A-9270-AEE9A826EE92}.Debug|Any CPU.Build.0 = Debug|Any CPU
		{2E0C2313-455F-442A-9270-AEE9A826EE92}.Debug|ARM.ActiveCfg = Debug|Any CPU
		{2E0C2313-455F-442A-9270-AEE9A826EE92}.Debug|ARM.Build.0 = Debug|Any CPU
		{2E0C2313-455F-442A-9270-AEE9A826EE92}.Debug|x64.ActiveCfg = Debug|Any CPU
		{2E0C2313-455F-442A-9270-AEE9A826EE92}.Debug|x64.Build.0 = Debug|Any CPU
		{2E0C2313-455F-442A-9270-AEE9A826EE92}.Debug|x86.ActiveCfg = Debug|Any CPU
		{2E0C2313-455F-442A-9270-AEE9A826EE92}.Debug|x86.Build.0 = Debug|Any CPU
		{2E0C2313-455F-442A-9270-AEE9A826EE92}.Release|Any CPU.ActiveCfg = Release|Any CPU
		{2E0C2313-455F-442A-9270-AEE9A826EE92}.Release|Any CPU.Build.0 = Release|Any CPU
		{2E0C2313-455F-442A-9270-AEE9A826EE92}.Release|ARM.ActiveCfg = Release|Any CPU
		{2E0C2313-455F-442A-9270-AEE9A826EE92}.Release|ARM.Build.0 = Release|Any CPU
		{2E0C2313-455F-442A-9270-AEE9A826EE92}.Release|x64.ActiveCfg = Release|Any CPU
		{2E0C2313-455F-442A-9270-AEE9A826EE92}.Release|x64.Build.0 = Release|Any CPU
		{2E0C2313-455F-442A-9270-AEE9A826EE92}.Release|x86.ActiveCfg = Release|Any CPU
		{2E0C2313-455F-442A-9270-AEE9A826EE92}.Release|x86.Build.0 = Release|Any CPU
		{1DB55BE3-2717-444E-8E92-1817101EDB65}.Debug|Any CPU.ActiveCfg = Debug|Any CPU
		{1DB55BE3-2717-444E-8E92-1817101EDB65}.Debug|Any CPU.Build.0 = Debug|Any CPU
		{1DB55BE3-2717-444E-8E92-1817101EDB65}.Debug|ARM.ActiveCfg = Debug|Any CPU
		{1DB55BE3-2717-444E-8E92-1817101EDB65}.Debug|ARM.Build.0 = Debug|Any CPU
		{1DB55BE3-2717-444E-8E92-1817101EDB65}.Debug|x64.ActiveCfg = Debug|Any CPU
		{1DB55BE3-2717-444E-8E92-1817101EDB65}.Debug|x64.Build.0 = Debug|Any CPU
		{1DB55BE3-2717-444E-8E92-1817101EDB65}.Debug|x86.ActiveCfg = Debug|Any CPU
		{1DB55BE3-2717-444E-8E92-1817101EDB65}.Debug|x86.Build.0 = Debug|Any CPU
		{1DB55BE3-2717-444E-8E92-1817101EDB65}.Release|Any CPU.ActiveCfg = Release|Any CPU
		{1DB55BE3-2717-444E-8E92-1817101EDB65}.Release|Any CPU.Build.0 = Release|Any CPU
		{1DB55BE3-2717-444E-8E92-1817101EDB65}.Release|ARM.ActiveCfg = Release|Any CPU
		{1DB55BE3-2717-444E-8E92-1817101EDB65}.Release|ARM.Build.0 = Release|Any CPU
		{1DB55BE3-2717-444E-8E92-1817101EDB65}.Release|x64.ActiveCfg = Release|Any CPU
		{1DB55BE3-2717-444E-8E92-1817101EDB65}.Release|x64.Build.0 = Release|Any CPU
		{1DB55BE3-2717-444E-8E92-1817101EDB65}.Release|x86.ActiveCfg = Release|Any CPU
		{1DB55BE3-2717-444E-8E92-1817101EDB65}.Release|x86.Build.0 = Release|Any CPU
		{B1106F26-CBCB-413F-9262-77028C33EB7E}.Debug|Any CPU.ActiveCfg = Debug|Any CPU
		{B1106F26-CBCB-413F-9262-77028C33EB7E}.Debug|Any CPU.Build.0 = Debug|Any CPU
		{B1106F26-CBCB-413F-9262-77028C33EB7E}.Debug|ARM.ActiveCfg = Debug|Any CPU
		{B1106F26-CBCB-413F-9262-77028C33EB7E}.Debug|ARM.Build.0 = Debug|Any CPU
		{B1106F26-CBCB-413F-9262-77028C33EB7E}.Debug|x64.ActiveCfg = Debug|Any CPU
		{B1106F26-CBCB-413F-9262-77028C33EB7E}.Debug|x64.Build.0 = Debug|Any CPU
		{B1106F26-CBCB-413F-9262-77028C33EB7E}.Debug|x86.ActiveCfg = Debug|Any CPU
		{B1106F26-CBCB-413F-9262-77028C33EB7E}.Debug|x86.Build.0 = Debug|Any CPU
		{B1106F26-CBCB-413F-9262-77028C33EB7E}.Release|Any CPU.ActiveCfg = Release|Any CPU
		{B1106F26-CBCB-413F-9262-77028C33EB7E}.Release|Any CPU.Build.0 = Release|Any CPU
		{B1106F26-CBCB-413F-9262-77028C33EB7E}.Release|ARM.ActiveCfg = Release|Any CPU
		{B1106F26-CBCB-413F-9262-77028C33EB7E}.Release|ARM.Build.0 = Release|Any CPU
		{B1106F26-CBCB-413F-9262-77028C33EB7E}.Release|x64.ActiveCfg = Release|Any CPU
		{B1106F26-CBCB-413F-9262-77028C33EB7E}.Release|x64.Build.0 = Release|Any CPU
		{B1106F26-CBCB-413F-9262-77028C33EB7E}.Release|x86.ActiveCfg = Release|Any CPU
		{B1106F26-CBCB-413F-9262-77028C33EB7E}.Release|x86.Build.0 = Release|Any CPU
		{87494604-91BD-4BE3-9B78-3FAF3B9CB9B3}.Debug|Any CPU.ActiveCfg = Debug|Any CPU
		{87494604-91BD-4BE3-9B78-3FAF3B9CB9B3}.Debug|Any CPU.Build.0 = Debug|Any CPU
		{87494604-91BD-4BE3-9B78-3FAF3B9CB9B3}.Debug|ARM.ActiveCfg = Debug|Any CPU
		{87494604-91BD-4BE3-9B78-3FAF3B9CB9B3}.Debug|ARM.Build.0 = Debug|Any CPU
		{87494604-91BD-4BE3-9B78-3FAF3B9CB9B3}.Debug|x64.ActiveCfg = Debug|Any CPU
		{87494604-91BD-4BE3-9B78-3FAF3B9CB9B3}.Debug|x64.Build.0 = Debug|Any CPU
		{87494604-91BD-4BE3-9B78-3FAF3B9CB9B3}.Debug|x86.ActiveCfg = Debug|Any CPU
		{87494604-91BD-4BE3-9B78-3FAF3B9CB9B3}.Debug|x86.Build.0 = Debug|Any CPU
		{87494604-91BD-4BE3-9B78-3FAF3B9CB9B3}.Release|Any CPU.ActiveCfg = Release|Any CPU
		{87494604-91BD-4BE3-9B78-3FAF3B9CB9B3}.Release|Any CPU.Build.0 = Release|Any CPU
		{87494604-91BD-4BE3-9B78-3FAF3B9CB9B3}.Release|ARM.ActiveCfg = Release|Any CPU
		{87494604-91BD-4BE3-9B78-3FAF3B9CB9B3}.Release|ARM.Build.0 = Release|Any CPU
		{87494604-91BD-4BE3-9B78-3FAF3B9CB9B3}.Release|x64.ActiveCfg = Release|Any CPU
		{87494604-91BD-4BE3-9B78-3FAF3B9CB9B3}.Release|x64.Build.0 = Release|Any CPU
		{87494604-91BD-4BE3-9B78-3FAF3B9CB9B3}.Release|x86.ActiveCfg = Release|Any CPU
		{87494604-91BD-4BE3-9B78-3FAF3B9CB9B3}.Release|x86.Build.0 = Release|Any CPU
		{BBC6F94D-929B-4D8D-B29B-AE5FDFA33363}.Debug|Any CPU.ActiveCfg = Debug|Any CPU
		{BBC6F94D-929B-4D8D-B29B-AE5FDFA33363}.Debug|Any CPU.Build.0 = Debug|Any CPU
		{BBC6F94D-929B-4D8D-B29B-AE5FDFA33363}.Debug|ARM.ActiveCfg = Debug|Any CPU
		{BBC6F94D-929B-4D8D-B29B-AE5FDFA33363}.Debug|ARM.Build.0 = Debug|Any CPU
		{BBC6F94D-929B-4D8D-B29B-AE5FDFA33363}.Debug|x64.ActiveCfg = Debug|Any CPU
		{BBC6F94D-929B-4D8D-B29B-AE5FDFA33363}.Debug|x64.Build.0 = Debug|Any CPU
		{BBC6F94D-929B-4D8D-B29B-AE5FDFA33363}.Debug|x86.ActiveCfg = Debug|Any CPU
		{BBC6F94D-929B-4D8D-B29B-AE5FDFA33363}.Debug|x86.Build.0 = Debug|Any CPU
		{BBC6F94D-929B-4D8D-B29B-AE5FDFA33363}.Release|Any CPU.ActiveCfg = Release|Any CPU
		{BBC6F94D-929B-4D8D-B29B-AE5FDFA33363}.Release|Any CPU.Build.0 = Release|Any CPU
		{BBC6F94D-929B-4D8D-B29B-AE5FDFA33363}.Release|ARM.ActiveCfg = Release|Any CPU
		{BBC6F94D-929B-4D8D-B29B-AE5FDFA33363}.Release|ARM.Build.0 = Release|Any CPU
		{BBC6F94D-929B-4D8D-B29B-AE5FDFA33363}.Release|x64.ActiveCfg = Release|Any CPU
		{BBC6F94D-929B-4D8D-B29B-AE5FDFA33363}.Release|x64.Build.0 = Release|Any CPU
		{BBC6F94D-929B-4D8D-B29B-AE5FDFA33363}.Release|x86.ActiveCfg = Release|Any CPU
		{BBC6F94D-929B-4D8D-B29B-AE5FDFA33363}.Release|x86.Build.0 = Release|Any CPU
		{5A119A36-3DDD-4D39-9958-F600A1BFB058}.Debug|Any CPU.ActiveCfg = Debug|Any CPU
		{5A119A36-3DDD-4D39-9958-F600A1BFB058}.Debug|Any CPU.Build.0 = Debug|Any CPU
		{5A119A36-3DDD-4D39-9958-F600A1BFB058}.Debug|ARM.ActiveCfg = Debug|Any CPU
		{5A119A36-3DDD-4D39-9958-F600A1BFB058}.Debug|ARM.Build.0 = Debug|Any CPU
		{5A119A36-3DDD-4D39-9958-F600A1BFB058}.Debug|x64.ActiveCfg = Debug|Any CPU
		{5A119A36-3DDD-4D39-9958-F600A1BFB058}.Debug|x64.Build.0 = Debug|Any CPU
		{5A119A36-3DDD-4D39-9958-F600A1BFB058}.Debug|x86.ActiveCfg = Debug|Any CPU
		{5A119A36-3DDD-4D39-9958-F600A1BFB058}.Debug|x86.Build.0 = Debug|Any CPU
		{5A119A36-3DDD-4D39-9958-F600A1BFB058}.Release|Any CPU.ActiveCfg = Release|Any CPU
		{5A119A36-3DDD-4D39-9958-F600A1BFB058}.Release|Any CPU.Build.0 = Release|Any CPU
		{5A119A36-3DDD-4D39-9958-F600A1BFB058}.Release|ARM.ActiveCfg = Release|Any CPU
		{5A119A36-3DDD-4D39-9958-F600A1BFB058}.Release|ARM.Build.0 = Release|Any CPU
		{5A119A36-3DDD-4D39-9958-F600A1BFB058}.Release|x64.ActiveCfg = Release|Any CPU
		{5A119A36-3DDD-4D39-9958-F600A1BFB058}.Release|x64.Build.0 = Release|Any CPU
		{5A119A36-3DDD-4D39-9958-F600A1BFB058}.Release|x86.ActiveCfg = Release|Any CPU
		{5A119A36-3DDD-4D39-9958-F600A1BFB058}.Release|x86.Build.0 = Release|Any CPU
	EndGlobalSection
	GlobalSection(SolutionProperties) = preSolution
		HideSolutionNode = FALSE
	EndGlobalSection
EndGlobal
